
Microsoft Visual Studio Solution File, Format Version 12.00
# Visual Studio 15
VisualStudioVersion = 15.0.28307.1622
MinimumVisualStudioVersion = 10.0.40219.1
Project("{8BC9CEB8-8B4A-11D0-8D11-00A0C91BC942}") = "algorithm", "algorithm\algorithm.vcxproj", "{616137CB-FDB6-4C41-BE78-F1C665F184FC}"
EndProject
Global
	GlobalSection(SolutionConfigurationPlatforms) = preSolution
		Debug|x64 = Debug|x64
		Debug|x86 = Debug|x86
		Release|x64 = Release|x64
		Release|x86 = Release|x86
	EndGlobalSection
	GlobalSection(ProjectConfigurationPlatforms) = postSolution
		{616137CB-FDB6-4C41-BE78-F1C665F184FC}.Debug|x64.ActiveCfg = Debug|x64
		{616137CB-FDB6-4C41-BE78-F1C665F184FC}.Debug|x64.Build.0 = Debug|x64
		{616137CB-FDB6-4C41-BE78-F1C665F184FC}.Debug|x86.ActiveCfg = Debug|Win32
		{616137CB-FDB6-4C41-BE78-F1C665F184FC}.Debug|x86.Build.0 = Debug|Win32
		{616137CB-FDB6-4C41-BE78-F1C665F184FC}.Release|x64.ActiveCfg = Release|x64
		{616137CB-FDB6-4C41-BE78-F1C665F184FC}.Release|x64.Build.0 = Release|x64
		{616137CB-FDB6-4C41-BE78-F1C665F184FC}.Release|x86.ActiveCfg = Release|Win32
		{616137CB-FDB6-4C41-BE78-F1C665F184FC}.Release|x86.Build.0 = Release|Win32
	EndGlobalSection
	GlobalSection(SolutionProperties) = preSolution
		HideSolutionNode = FALSE
	EndGlobalSection
	GlobalSection(ExtensibilityGlobals) = postSolution
		SolutionGuid = {4EEA9E62-BAFB-45AD-9394-E48A1E04D63D}
	EndGlobalSection
EndGlobal
